
Microsoft Visual Studio Solution File, Format Version 12.00
# Visual Studio Version 17
VisualStudioVersion = 17.9.34902.65
MinimumVisualStudioVersion = 10.0.40219.1
Project("{FAE04EC0-301F-11D3-BF4B-00C04F79EFBC}") = "MOMO_QR_DANANG", "MOMO_QR_DANANG\MOMO_QR_DANANG.csproj", "{D8863CE7-8953-4DF5-9212-5BC54587A17B}"
EndProject
Global
	GlobalSection(SolutionConfigurationPlatforms) = preSolution
		Debug|Any CPU = Debug|Any CPU
		Release|Any CPU = Release|Any CPU
	EndGlobalSection
	GlobalSection(ProjectConfigurationPlatforms) = postSolution
		{D8863CE7-8953-4DF5-9212-5BC54587A17B}.Debug|Any CPU.ActiveCfg = Debug|Any CPU
		{D8863CE7-8953-4DF5-9212-5BC54587A17B}.Debug|Any CPU.Build.0 = Debug|Any CPU
		{D8863CE7-8953-4DF5-9212-5BC54587A17B}.Release|Any CPU.ActiveCfg = Release|Any CPU
		{D8863CE7-8953-4DF5-9212-5BC54587A17B}.Release|Any CPU.Build.0 = Release|Any CPU
	EndGlobalSection
	GlobalSection(SolutionProperties) = preSolution
		HideSolutionNode = FALSE
	EndGlobalSection
	GlobalSection(ExtensibilityGlobals) = postSolution
		SolutionGuid = {E1ACE374-0EDE-42BA-BCCC-78F5CBE72BD5}
	EndGlobalSection
EndGlobal
