
Microsoft Visual Studio Solution File, Format Version 12.00
# Visual Studio Version 17
VisualStudioVersion = 17.14.37216.2
MinimumVisualStudioVersion = 10.0.40219.1
Project("{FAE04EC0-301F-11D3-BF4B-00C04F79EFBC}") = "ClinicManagementSystem.Winforms.EF", "ClinicManagementSystem.Winforms\ClinicManagementSystem.Winforms.EF.csproj", "{8C135B22-A11C-4B74-8AB4-8924DA19CAE7}"
EndProject
Project("{FAE04EC0-301F-11D3-BF4B-00C04F79EFBC}") = "BUS", "BUS\BUS.csproj", "{9542E912-0238-4E55-8DCF-44355A101536}"
EndProject
Project("{FAE04EC0-301F-11D3-BF4B-00C04F79EFBC}") = "DAL", "DAL\DAL.csproj", "{1519396B-EE58-40E4-AFD2-0D4AB2B18D16}"
EndProject
Project("{FAE04EC0-301F-11D3-BF4B-00C04F79EFBC}") = "DTO", "DTO\DTO.csproj", "{36AD1A46-E9AA-4BA4-869B-37804B4E90BE}"
EndProject
Project("{FAE04EC0-301F-11D3-BF4B-00C04F79EFBC}") = "Models", "Models\Models.csproj", "{859E5492-BB46-41FB-AC07-208557E2F074}"
EndProject
Project("{FAE04EC0-301F-11D3-BF4B-00C04F79EFBC}") = "Core", "Core\Core.csproj", "{8D3C3FAC-5AB4-453E-AA9B-08E5B35BC923}"
EndProject
Project("{FAE04EC0-301F-11D3-BF4B-00C04F79EFBC}") = "ServicesExternal", "ServicesExternal\ServicesExternal.csproj", "{F56ACE16-0756-4929-8DCE-4FB562BEB725}"
EndProject
Project("{2150E333-8FDC-42A3-9474-1A3956D46DE8}") = "Solution Items", "Solution Items", "{8EC462FD-D22E-90A8-E5CE-7E832BA40C5D}"
	ProjectSection(SolutionItems) = preProject
		.gitignore = .gitignore
		Database\CMS.sql = Database\CMS.sql
		..\database.sql = ..\database.sql
	EndProjectSection
EndProject
Project("{2150E333-8FDC-42A3-9474-1A3956D46DE8}") = "Database", "Database", "{02EA681E-C7D8-13C7-8484-4AC65E1B71E8}"
	ProjectSection(SolutionItems) = preProject
		Database\CMS.sql = Database\CMS.sql
		..\database.sql = ..\database.sql
	EndProjectSection
EndProject
Global
	GlobalSection(SolutionConfigurationPlatforms) = preSolution
		Debug|Any CPU = Debug|Any CPU
		Release|Any CPU = Release|Any CPU
	EndGlobalSection
	GlobalSection(ProjectConfigurationPlatforms) = postSolution
		{8C135B22-A11C-4B74-8AB4-8924DA19CAE7}.Debug|Any CPU.ActiveCfg = Debug|Any CPU
		{8C135B22-A11C-4B74-8AB4-8924DA19CAE7}.Debug|Any CPU.Build.0 = Debug|Any CPU
		{8C135B22-A11C-4B74-8AB4-8924DA19CAE7}.Release|Any CPU.ActiveCfg = Release|Any CPU
		{8C135B22-A11C-4B74-8AB4-8924DA19CAE7}.Release|Any CPU.Build.0 = Release|Any CPU
		{9542E912-0238-4E55-8DCF-44355A101536}.Debug|Any CPU.ActiveCfg = Debug|Any CPU
		{9542E912-0238-4E55-8DCF-44355A101536}.Debug|Any CPU.Build.0 = Debug|Any CPU
		{9542E912-0238-4E55-8DCF-44355A101536}.Release|Any CPU.ActiveCfg = Release|Any CPU
		{9542E912-0238-4E55-8DCF-44355A101536}.Release|Any CPU.Build.0 = Release|Any CPU
		{1519396B-EE58-40E4-AFD2-0D4AB2B18D16}.Debug|Any CPU.ActiveCfg = Debug|Any CPU
		{1519396B-EE58-40E4-AFD2-0D4AB2B18D16}.Debug|Any CPU.Build.0 = Debug|Any CPU
		{1519396B-EE58-40E4-AFD2-0D4AB2B18D16}.Release|Any CPU.ActiveCfg = Release|Any CPU
		{1519396B-EE58-40E4-AFD2-0D4AB2B18D16}.Release|Any CPU.Build.0 = Release|Any CPU
		{36AD1A46-E9AA-4BA4-869B-37804B4E90BE}.Debug|Any CPU.ActiveCfg = Debug|Any CPU
		{36AD1A46-E9AA-4BA4-869B-37804B4E90BE}.Debug|Any CPU.Build.0 = Debug|Any CPU
		{36AD1A46-E9AA-4BA4-869B-37804B4E90BE}.Release|Any CPU.ActiveCfg = Release|Any CPU
		{36AD1A46-E9AA-4BA4-869B-37804B4E90BE}.Release|Any CPU.Build.0 = Release|Any CPU
		{859E5492-BB46-41FB-AC07-208557E2F074}.Debug|Any CPU.ActiveCfg = Debug|Any CPU
		{859E5492-BB46-41FB-AC07-208557E2F074}.Debug|Any CPU.Build.0 = Debug|Any CPU
		{859E5492-BB46-41FB-AC07-208557E2F074}.Release|Any CPU.ActiveCfg = Release|Any CPU
		{859E5492-BB46-41FB-AC07-208557E2F074}.Release|Any CPU.Build.0 = Release|Any CPU
		{8D3C3FAC-5AB4-453E-AA9B-08E5B35BC923}.Debug|Any CPU.ActiveCfg = Debug|Any CPU
		{8D3C3FAC-5AB4-453E-AA9B-08E5B35BC923}.Debug|Any CPU.Build.0 = Debug|Any CPU
		{8D3C3FAC-5AB4-453E-AA9B-08E5B35BC923}.Release|Any CPU.ActiveCfg = Release|Any CPU
		{8D3C3FAC-5AB4-453E-AA9B-08E5B35BC923}.Release|Any CPU.Build.0 = Release|Any CPU
		{F56ACE16-0756-4929-8DCE-4FB562BEB725}.Debug|Any CPU.ActiveCfg = Debug|Any CPU
		{F56ACE16-0756-4929-8DCE-4FB562BEB725}.Debug|Any CPU.Build.0 = Debug|Any CPU
		{F56ACE16-0756-4929-8DCE-4FB562BEB725}.Release|Any CPU.ActiveCfg = Release|Any CPU
		{F56ACE16-0756-4929-8DCE-4FB562BEB725}.Release|Any CPU.Build.0 = Release|Any CPU
	EndGlobalSection
	GlobalSection(SolutionProperties) = preSolution
		HideSolutionNode = FALSE
	EndGlobalSection
	GlobalSection(ExtensibilityGlobals) = postSolution
		SolutionGuid = {BFF1EBE9-B42D-4553-84F5-BBFE7FEE5C98}
	EndGlobalSection
EndGlobal
